PODS:
  - XLogConsole/Core (1.0.4)
  - XLogConsole/Helper (1.0.4):
    - XLogConsole/Core

DEPENDENCIES:
  - XLogConsole/Helper (from `../`)

EXTERNAL SOURCES:
  XLogConsole:
    :path: "../"

SPEC CHECKSUMS:
  XLogConsole: 45d5cfa113af1ca09a50e9c1c475d01493e7c896

PODFILE CHECKSUM: dc85e65545a9758890a854b76ba66cc8340b3e38

COCOAPODS: 1.14.0
