PODS:
  - XLogConsole/Core (1.0.3)
  - XLogConsole/Helper (1.0.3):
    - XLogConsole/Core

DEPENDENCIES:
  - XLogConsole/Helper (from `../`)

EXTERNAL SOURCES:
  XLogConsole:
    :path: "../"

SPEC CHECKSUMS:
  XLogConsole: e07e398c6fea349dbe75c1258701e4a4c2231ea9

PODFILE CHECKSUM: b0cb7b57eb65e7d1f81e867df8d962d595f27039

COCOAPODS: 1.11.3
