PODS:
  - XLogConsole/Core (1.0.2)
  - XLogConsole/Helper (1.0.2):
    - XLogConsole/Core

DEPENDENCIES:
  - XLogConsole/Helper (from `../`)

EXTERNAL SOURCES:
  XLogConsole:
    :path: "../"

SPEC CHECKSUMS:
  XLogConsole: 3a09f6fc65a7e099ab9cfe081c05d4f557ccfded

PODFILE CHECKSUM: b0cb7b57eb65e7d1f81e867df8d962d595f27039

COCOAPODS: 1.11.3
